
Microsoft Visual Studio Solution File, Format Version 12.00
# Visual Studio Version 17
VisualStudioVersion = 17.1.32319.34
MinimumVisualStudioVersion = 10.0.40219.1
Project("{FAE04EC0-301F-11D3-BF4B-00C04F79EFBC}") = "Circular_Queues", "Circular_Queues\Circular_Queues.csproj", "{8AEFF9D1-EBE3-4700-A974-245F9E2B1A86}"
EndProject
Global
	GlobalSection(SolutionConfigurationPlatforms) = preSolution
		Debug|Any CPU = Debug|Any CPU
		Release|Any CPU = Release|Any CPU
	EndGlobalSection
	GlobalSection(ProjectConfigurationPlatforms) = postSolution
		{8AEFF9D1-EBE3-4700-A974-245F9E2B1A86}.Debug|Any CPU.ActiveCfg = Debug|Any CPU
		{8AEFF9D1-EBE3-4700-A974-245F9E2B1A86}.Debug|Any CPU.Build.0 = Debug|Any CPU
		{8AEFF9D1-EBE3-4700-A974-245F9E2B1A86}.Release|Any CPU.ActiveCfg = Release|Any CPU
		{8AEFF9D1-EBE3-4700-A974-245F9E2B1A86}.Release|Any CPU.Build.0 = Release|Any CPU
	EndGlobalSection
	GlobalSection(SolutionProperties) = preSolution
		HideSolutionNode = FALSE
	EndGlobalSection
	GlobalSection(ExtensibilityGlobals) = postSolution
		SolutionGuid = {D6B0CE50-5E3D-423A-8CAB-9B59643189D7}
	EndGlobalSection
EndGlobal
